// !$*UTF8*$!
{
	archiveVersion = 1;
	classes = {
	};
	objectVersion = 46;
	objects = {

/* Begin PBXBuildFile section */
		10CA01EF1522C71C00408B12 /* Cocoa.framework in Frameworks */ = {isa = PBXBuildFile; fileRef = 10CA01EE1522C71C00408B12 /* Cocoa.framework */; };
		10CA01F91522C71C00408B12 /* InfoPlist.strings in Resources */ = {isa = PBXBuildFile; fileRef = 10CA01F71522C71C00408B12 /* InfoPlist.strings */; };
		10CA01FB1522C71C00408B12 /* main.m in Sources */ = {isa = PBXBuildFile; fileRef = 10CA01FA1522C71C00408B12 /* main.m */; };
		10CA01FF1522C71C00408B12 /* Credits.rtf in Resources */ = {isa = PBXBuildFile; fileRef = 10CA01FD1522C71C00408B12 /* Credits.rtf */; };
		10CA02021522C71C00408B12 /* AppDelegate.m in Sources */ = {isa = PBXBuildFile; fileRef = 10CA02011522C71C00408B12 /* AppDelegate.m */; };
		10CA02051522C71D00408B12 /* MainMenu.xib in Resources */ = {isa = PBXBuildFile; fileRef = 10CA02031522C71D00408B12 /* MainMenu.xib */; };
/* End PBXBuildFile section */

/* Begin PBXFileReference section */
		10CA01EA1522C71C00408B12 /* Reflecticle.app */ = {isa = PBXFileReference; explicitFileType = wrapper.application; includeInIndex = 0; path = Reflecticle.app; sourceTree = BUILT_PRODUCTS_DIR; };
		10CA01EE1522C71C00408B12 /* Cocoa.framework */ = {isa = PBXFileReference; lastKnownFileType = wrapper.framework; name = Cocoa.framework; path = System/Library/Frameworks/Cocoa.framework; sourceTree = SDKROOT; };
		10CA01F11522C71C00408B12 /* AppKit.framework */ = {isa = PBXFileReference; lastKnownFileType = wrapper.framework; name = AppKit.framework; path = System/Library/Frameworks/AppKit.framework; sourceTree = SDKROOT; };
		10CA01F21522C71C00408B12 /* CoreData.framework */ = {isa = PBXFileReference; lastKnownFileType = wrapper.framework; name = CoreData.framework; path = System/Library/Frameworks/CoreData.framework; sourceTree = SDKROOT; };
		10CA01F31522C71C00408B12 /* Foundation.framework */ = {isa = PBXFileReference; lastKnownFileType = wrapper.framework; name = Foundation.framework; path = System/Library/Frameworks/Foundation.framework; sourceTree = SDKROOT; };
		10CA01F61522C71C00408B12 /* Reflecticle-Info.plist */ = {isa = PBXFileReference; lastKnownFileType = text.plist.xml; path = "Reflecticle-Info.plist"; sourceTree = "<group>"; };
		10CA01F81522C71C00408B12 /* en */ = {isa = PBXFileReference; lastKnownFileType = text.plist.strings; name = en; path = en.lproj/InfoPlist.strings; sourceTree = "<group>"; };
		10CA01FA1522C71C00408B12 /* main.m */ = {isa = PBXFileReference; lastKnownFileType = sourcecode.c.objc; path = main.m; sourceTree = "<group>"; };
		10CA01FC1522C71C00408B12 /* Reflecticle-Prefix.pch */ = {isa = PBXFileReference; lastKnownFileType = sourcecode.c.h; path = "Reflecticle-Prefix.pch"; sourceTree = "<group>"; };
		10CA01FE1522C71C00408B12 /* en */ = {isa = PBXFileReference; lastKnownFileType = text.rtf; name = en; path = en.lproj/Credits.rtf; sourceTree = "<group>"; };
		10CA02001522C71C00408B12 /* AppDelegate.h */ = {isa = PBXFileReference; lastKnownFileType = sourcecode.c.h; path = AppDelegate.h; sourceTree = "<group>"; };
		10CA02011522C71C00408B12 /* AppDelegate.m */ = {isa = PBXFileReference; lastKnownFileType = sourcecode.c.objc; path = AppDelegate.m; sourceTree = "<group>"; };
		10CA02041522C71D00408B12 /* en */ = {isa = PBXFileReference; lastKnownFileType = file.xib; name = en; path = en.lproj/MainMenu.xib; sourceTree = "<group>"; };
/* End PBXFileReference section */

/* Begin PBXFrameworksBuildPhase section */
		10CA01E71522C71C00408B12 /* Frameworks */ = {
			isa = PBXFrameworksBuildPhase;
			buildActionMask = 2147483647;
			files = (
				10CA01EF1522C71C00408B12 /* Cocoa.framework in Frameworks */,
			);
			runOnlyForDeploymentPostprocessing = 0;
		};
/* End PBXFrameworksBuildPhase section */

/* Begin PBXGroup section */
		10CA01DF1522C71C00408B12 = {
			isa = PBXGroup;
			children = (
				10CA01F41522C71C00408B12 /* Reflecticle */,
				10CA01ED1522C71C00408B12 /* Frameworks */,
				10CA01EB1522C71C00408B12 /* Products */,
			);
			sourceTree = "<group>";
		};
		10CA01EB1522C71C00408B12 /* Products */ = {
			isa = PBXGroup;
			children = (
				10CA01EA1522C71C00408B12 /* Reflecticle.app */,
			);
			name = Products;
			sourceTree = "<group>";
		};
		10CA01ED1522C71C00408B12 /* Frameworks */ = {
			isa = PBXGroup;
			children = (
				10CA01EE1522C71C00408B12 /* Cocoa.framework */,
				10CA01F01522C71C00408B12 /* Other Frameworks */,
			);
			name = Frameworks;
			sourceTree = "<group>";
		};
		10CA01F01522C71C00408B12 /* Other Frameworks */ = {
			isa = PBXGroup;
			children = (
				10CA01F11522C71C00408B12 /* AppKit.framework */,
				10CA01F21522C71C00408B12 /* CoreData.framework */,
				10CA01F31522C71C00408B12 /* Foundation.framework */,
			);
			name = "Other Frameworks";
			sourceTree = "<group>";
		};
		10CA01F41522C71C00408B12 /* Reflecticle */ = {
			isa = PBXGroup;
			children = (
				10CA02001522C71C00408B12 /* AppDelegate.h */,
				10CA02011522C71C00408B12 /* AppDelegate.m */,
				10CA02031522C71D00408B12 /* MainMenu.xib */,
				10CA01F51522C71C00408B12 /* Supporting Files */,
			);
			path = Reflecticle;
			sourceTree = "<group>";
		};
		10CA01F51522C71C00408B12 /* Supporting Files */ = {
			isa = PBXGroup;
			children = (
				10CA01F61522C71C00408B12 /* Reflecticle-Info.plist */,
				10CA01F71522C71C00408B12 /* InfoPlist.strings */,
				10CA01FA1522C71C00408B12 /* main.m */,
				10CA01FC1522C71C00408B12 /* Reflecticle-Prefix.pch */,
				10CA01FD1522C71C00408B12 /* Credits.rtf */,
			);
			name = "Supporting Files";
			sourceTree = "<group>";
		};
/* End PBXGroup section */

/* Begin PBXNativeTarget section */
		10CA01E91522C71C00408B12 /* Reflecticle */ = {
			isa = PBXNativeTarget;
			buildConfigurationList = 10CA02081522C71D00408B12 /* Build configuration list for PBXNativeTarget "Reflecticle" */;
			buildPhases = (
				10CA01E61522C71C00408B12 /* Sources */,
				10CA01E71522C71C00408B12 /* Frameworks */,
				10CA01E81522C71C00408B12 /* Resources */,
			);
			buildRules = (
			);
			dependencies = (
			);
			name = Reflecticle;
			productName = Reflecticle;
			productReference = 10CA01EA1522C71C00408B12 /* Reflecticle.app */;
			productType = "com.apple.product-type.application";
		};
/* End PBXNativeTarget section */

/* Begin PBXProject section */
		10CA01E11522C71C00408B12 /* Project object */ = {
			isa = PBXProject;
			attributes = {
				LastUpgradeCheck = 0420;
			};
			buildConfigurationList = 10CA01E41522C71C00408B12 /* Build configuration list for PBXProject "Reflecticle" */;
			compatibilityVersion = "Xcode 3.2";
			developmentRegion = English;
			hasScannedForEncodings = 0;
			knownRegions = (
				en,
			);
			mainGroup = 10CA01DF1522C71C00408B12;
			productRefGroup = 10CA01EB1522C71C00408B12 /* Products */;
			projectDirPath = "";
			projectRoot = "";
			targets = (
				10CA01E91522C71C00408B12 /* Reflecticle */,
			);
		};
/* End PBXProject section */

/* Begin PBXResourcesBuildPhase section */
		10CA01E81522C71C00408B12 /* Resources */ = {
			isa = PBXResourcesBuildPhase;
			buildActionMask = 2147483647;
			files = (
				10CA01F91522C71C00408B12 /* InfoPlist.strings in Resources */,
				10CA01FF1522C71C00408B12 /* Credits.rtf in Resources */,
				10CA02051522C71D00408B12 /* MainMenu.xib in Resources */,
			);
			runOnlyForDeploymentPostprocessing = 0;
		};
/* End PBXResourcesBuildPhase section */

/* Begin PBXSourcesBuildPhase section */
		10CA01E61522C71C00408B12 /* Sources */ = {
			isa = PBXSourcesBuildPhase;
			buildActionMask = 2147483647;
			files = (
				10CA01FB1522C71C00408B12 /* main.m in Sources */,
				10CA02021522C71C00408B12 /* AppDelegate.m in Sources */,
			);
			runOnlyForDeploymentPostprocessing = 0;
		};
/* End PBXSourcesBuildPhase section */

/* Begin PBXVariantGroup section */
		10CA01F71522C71C00408B12 /* InfoPlist.strings */ = {
			isa = PBXVariantGroup;
			children = (
				10CA01F81522C71C00408B12 /* en */,
			);
			name = InfoPlist.strings;
			sourceTree = "<group>";
		};
		10CA01FD1522C71C00408B12 /* Credits.rtf */ = {
			isa = PBXVariantGroup;
			children = (
				10CA01FE1522C71C00408B12 /* en */,
			);
			name = Credits.rtf;
			sourceTree = "<group>";
		};
		10CA02031522C71D00408B12 /* MainMenu.xib */ = {
			isa = PBXVariantGroup;
			children = (
				10CA02041522C71D00408B12 /* en */,
			);
			name = MainMenu.xib;
			sourceTree = "<group>";
		};
/* End PBXVariantGroup section */

/* Begin XCBuildConfiguration section */
		10CA02061522C71D00408B12 /* Debug */ = {
			isa = XCBuildConfiguration;
			buildSettings = {
				ALWAYS_SEARCH_USER_PATHS = NO;
				ARCHS = "$(ARCHS_STANDARD_64_BIT)";
				CLANG_ENABLE_OBJC_ARC = YES;
				COPY_PHASE_STRIP = NO;
				GCC_C_LANGUAGE_STANDARD = gnu99;
				GCC_DYNAMIC_NO_PIC = NO;
				GCC_ENABLE_OBJC_EXCEPTIONS = YES;
				GCC_OPTIMIZATION_LEVEL = 0;
				GCC_PREPROCESSOR_DEFINITIONS = (
					"DEBUG=1",
					"$(inherited)",
				);
				GCC_SYMBOLS_PRIVATE_EXTERN = NO;
				GCC_VERSION = com.apple.compilers.llvm.clang.1_0;
				GCC_WARN_64_TO_32_BIT_CONVERSION = YES;
				GCC_WARN_ABOUT_MISSING_PROTOTYPES = YES;
				GCC_WARN_ABOUT_RETURN_TYPE = YES;
				GCC_WARN_UNUSED_VARIABLE = YES;
				MACOSX_DEPLOYMENT_TARGET = 10.7;
				ONLY_ACTIVE_ARCH = YES;
				SDKROOT = macosx;
			};
			name = Debug;
		};
		10CA02071522C71D00408B12 /* Release */ = {
			isa = XCBuildConfiguration;
			buildSettings = {
				ALWAYS_SEARCH_USER_PATHS = NO;
				ARCHS = "$(ARCHS_STANDARD_64_BIT)";
				CLANG_ENABLE_OBJC_ARC = YES;
				COPY_PHASE_STRIP = YES;
				DEBUG_INFORMATION_FORMAT = "dwarf-with-dsym";
				GCC_C_LANGUAGE_STANDARD = gnu99;
				GCC_ENABLE_OBJC_EXCEPTIONS = YES;
				GCC_VERSION = com.apple.compilers.llvm.clang.1_0;
				GCC_WARN_64_TO_32_BIT_CONVERSION = YES;
				GCC_WARN_ABOUT_MISSING_PROTOTYPES = YES;
				GCC_WARN_ABOUT_RETURN_TYPE = YES;
				GCC_WARN_UNUSED_VARIABLE = YES;
				MACOSX_DEPLOYMENT_TARGET = 10.7;
				SDKROOT = macosx;
			};
			name = Release;
		};
		10CA02091522C71D00408B12 /* Debug */ = {
			isa = XCBuildConfiguration;
			buildSettings = {
				GCC_PRECOMPILE_PREFIX_HEADER = YES;
				GCC_PREFIX_HEADER = "Reflecticle/Reflecticle-Prefix.pch";
				INFOPLIST_FILE = "Reflecticle/Reflecticle-Info.plist";
				PRODUCT_NAME = "$(TARGET_NAME)";
				WRAPPER_EXTENSION = app;
			};
			name = Debug;
		};
		10CA020A1522C71D00408B12 /* Release */ = {
			isa = XCBuildConfiguration;
			buildSettings = {
				GCC_PRECOMPILE_PREFIX_HEADER = YES;
				GCC_PREFIX_HEADER = "Reflecticle/Reflecticle-Prefix.pch";
				INFOPLIST_FILE = "Reflecticle/Reflecticle-Info.plist";
				PRODUCT_NAME = "$(TARGET_NAME)";
				WRAPPER_EXTENSION = app;
			};
			name = Release;
		};
/* End XCBuildConfiguration section */

/* Begin XCConfigurationList section */
		10CA01E41522C71C00408B12 /* Build configuration list for PBXProject "Reflecticle" */ = {
			isa = XCConfigurationList;
			buildConfigurations = (
				10CA02061522C71D00408B12 /* Debug */,
				10CA02071522C71D00408B12 /* Release */,
			);
			defaultConfigurationIsVisible = 0;
			defaultConfigurationName = Release;
		};
		10CA02081522C71D00408B12 /* Build configuration list for PBXNativeTarget "Reflecticle" */ = {
			isa = XCConfigurationList;
			buildConfigurations = (
				10CA02091522C71D00408B12 /* Debug */,
				10CA020A1522C71D00408B12 /* Release */,
			);
			defaultConfigurationIsVisible = 0;
		};
/* End XCConfigurationList section */
	};
	rootObject = 10CA01E11522C71C00408B12 /* Project object */;
}
